
Microsoft Visual Studio Solution File, Format Version 12.00
# Visual Studio Version 16
VisualStudioVersion = 16.0.31112.23
MinimumVisualStudioVersion = 10.0.40219.1
Project("{FAE04EC0-301F-11D3-BF4B-00C04F79EFBC}") = "dataHiding", "dataHiding.csproj", "{29D4E995-7040-4322-911E-86B964655DED}"
EndProject
Global
	GlobalSection(SolutionConfigurationPlatforms) = preSolution
		Debug|Any CPU = Debug|Any CPU
		Release|Any CPU = Release|Any CPU
	EndGlobalSection
	GlobalSection(ProjectConfigurationPlatforms) = postSolution
		{29D4E995-7040-4322-911E-86B964655DED}.Debug|Any CPU.ActiveCfg = Debug|Any CPU
		{29D4E995-7040-4322-911E-86B964655DED}.Debug|Any CPU.Build.0 = Debug|Any CPU
		{29D4E995-7040-4322-911E-86B964655DED}.Release|Any CPU.ActiveCfg = Release|Any CPU
		{29D4E995-7040-4322-911E-86B964655DED}.Release|Any CPU.Build.0 = Release|Any CPU
	EndGlobalSection
	GlobalSection(SolutionProperties) = preSolution
		HideSolutionNode = FALSE
	EndGlobalSection
	GlobalSection(ExtensibilityGlobals) = postSolution
		SolutionGuid = {487B0FFB-515D-44DC-A402-9AF652EFDECB}
	EndGlobalSection
EndGlobal
